# THIS IS AN AUTOGENERATED FILE. DO NOT EDIT THIS FILE DIRECTLY.
# yarn lockfile v1


htmx@^0.0.2:
  version "0.0.2"
  resolved "https://registry.yarnpkg.com/htmx/-/htmx-0.0.2.tgz#790b3cd816b74f9f2648326e5f4f8a9b320f9fb0"
  integrity sha512-FfUo3ynRYr6Ra4vqmS4Nq9g47607FSmvHYCOuU8bvbW8s4kPMhAmCbMBjuW2cEZI6DauaFNZKinfgV91cc9Feg==
